{
  "object": {
    "pins": [
      {
        "package": "CommandLineKit",
        "repositoryURL": "https://github.com/IngmarStein/CommandLineKit.git",
        "state": {
          "branch": null,
          "revision": "688ec349bf793fbdd3562d2e301c189db2f7a655",
          "version": "2.3.0"
        }
      },
      {
        "package": "Rainbow",
        "repositoryURL": "https://github.com/onevcat/Rainbow",
        "state": {
          "branch": null,
          "revision": "9c52c1952e9b2305d4507cf473392ac2d7c9b155",
          "version": "3.1.5"
        }
      },
      {
        "package": "SwiftShell",
        "repositoryURL": "https://github.com/kareman/SwiftShell",
        "state": {
          "branch": null,
          "revision": "fb7fc2c9ad8811caf324431a508fb79e3fb74f99",
          "version": "5.0.1"
        }
      }
    ]
  },
  "version": 1
}
